{
  "name": "weo-reader",
  "lockfileVersion": 2,
  "requires": true,
  "packages": {
    "": {
      "dependencies": {
        "codedown": "^2.2.0"
      }
    },
    "node_modules/balanced-match": {
      "version": "1.0.2",
      "resolved": "https://registry.npmjs.org/balanced-match/-/balanced-match-1.0.2.tgz",
      "integrity": "sha512-3oSeUO0TMV67hN1AmbXsK4yaqU7tjiHlbxRDZOpH0KW9+CeX4bRAaX0Anxt0tx2MrpRpWwQaPwIlISEJhYU5Pw=="
    },
    "node_modules/brace-expansion": {
      "version": "1.1.11",
      "resolved": "https://registry.npmjs.org/brace-expansion/-/brace-expansion-1.1.11.tgz",
      "integrity": "sha512-iCuPHDFgrHX7H2vEI/5xpz07zSHB00TpugqhmYtVmMO6518mCuRMoOYFldEBl0g187ufozdaHgWKcYFb61qGiA==",
      "dependencies": {
        "balanced-match": "^1.0.0",
        "concat-map": "0.0.1"
      }
    },
    "node_modules/codedown": {
      "version": "2.2.0",
      "resolved": "https://registry.npmjs.org/codedown/-/codedown-2.2.0.tgz",
      "integrity": "sha512-T9eVNIKJ9TzaSfQeJnSdPsQglHZokGEbJ8JCu2c32T837smgO90Z9pbkP5TCsUHIM2oYJaW5Z6og9IhT1B7zKw==",
      "dependencies": {
        "marked": "4.0.6",
        "minimatch": "3.0.4",
        "readline": "1.3.0"
      },
      "bin": {
        "codedown": "codedown.js"
      },
      "engines": {
        "node": ">= 0.10.0"
      }
    },
    "node_modules/concat-map": {
      "version": "0.0.1",
      "resolved": "https://registry.npmjs.org/concat-map/-/concat-map-0.0.1.tgz",
      "integrity": "sha1-2Klr13/Wjfd5OnMDajug1UBdR3s="
    },
    "node_modules/marked": {
      "version": "4.0.6",
      "resolved": "https://registry.npmjs.org/marked/-/marked-4.0.6.tgz",
      "integrity": "sha512-+H0bTf8DM8zLuFBUm/2VklxaCrwlBFgoJzHJcMZCnZ9cPgsllHwKpL6TPLdDeA38yPluMuVKOL1hO5w6HmG5Mg==",
      "bin": {
        "marked": "bin/marked.js"
      },
      "engines": {
        "node": ">= 12"
      }
    },
    "node_modules/minimatch": {
      "version": "3.0.4",
      "resolved": "https://registry.npmjs.org/minimatch/-/minimatch-3.0.4.tgz",
      "integrity": "sha512-yJHVQEhyqPLUTgt9B83PXu6W3rx4MvvHvSUvToogpwoGDOUQ+yDrR0HRot+yOCdCO7u4hX3pWft6kWBBcqh0UA==",
      "dependencies": {
        "brace-expansion": "^1.1.7"
      },
      "engines": {
        "node": "*"
      }
    },
    "node_modules/readline": {
      "version": "1.3.0",
      "resolved": "https://registry.npmjs.org/readline/-/readline-1.3.0.tgz",
      "integrity": "sha1-xYDXfvLPyHUrEySYBg3JeTp6wBw="
    }
  },
  "dependencies": {
    "balanced-match": {
      "version": "1.0.2",
      "resolved": "https://registry.npmjs.org/balanced-match/-/balanced-match-1.0.2.tgz",
      "integrity": "sha512-3oSeUO0TMV67hN1AmbXsK4yaqU7tjiHlbxRDZOpH0KW9+CeX4bRAaX0Anxt0tx2MrpRpWwQaPwIlISEJhYU5Pw=="
    },
    "brace-expansion": {
      "version": "1.1.11",
      "resolved": "https://registry.npmjs.org/brace-expansion/-/brace-expansion-1.1.11.tgz",
      "integrity": "sha512-iCuPHDFgrHX7H2vEI/5xpz07zSHB00TpugqhmYtVmMO6518mCuRMoOYFldEBl0g187ufozdaHgWKcYFb61qGiA==",
      "requires": {
        "balanced-match": "^1.0.0",
        "concat-map": "0.0.1"
      }
    },
    "codedown": {
      "version": "2.2.0",
      "resolved": "https://registry.npmjs.org/codedown/-/codedown-2.2.0.tgz",
      "integrity": "sha512-T9eVNIKJ9TzaSfQeJnSdPsQglHZokGEbJ8JCu2c32T837smgO90Z9pbkP5TCsUHIM2oYJaW5Z6og9IhT1B7zKw==",
      "requires": {
        "marked": "4.0.6",
        "minimatch": "3.0.4",
        "readline": "1.3.0"
      }
    },
    "concat-map": {
      "version": "0.0.1",
      "resolved": "https://registry.npmjs.org/concat-map/-/concat-map-0.0.1.tgz",
      "integrity": "sha1-2Klr13/Wjfd5OnMDajug1UBdR3s="
    },
    "marked": {
      "version": "4.0.6",
      "resolved": "https://registry.npmjs.org/marked/-/marked-4.0.6.tgz",
      "integrity": "sha512-+H0bTf8DM8zLuFBUm/2VklxaCrwlBFgoJzHJcMZCnZ9cPgsllHwKpL6TPLdDeA38yPluMuVKOL1hO5w6HmG5Mg=="
    },
    "minimatch": {
      "version": "3.0.4",
      "resolved": "https://registry.npmjs.org/minimatch/-/minimatch-3.0.4.tgz",
      "integrity": "sha512-yJHVQEhyqPLUTgt9B83PXu6W3rx4MvvHvSUvToogpwoGDOUQ+yDrR0HRot+yOCdCO7u4hX3pWft6kWBBcqh0UA==",
      "requires": {
        "brace-expansion": "^1.1.7"
      }
    },
    "readline": {
      "version": "1.3.0",
      "resolved": "https://registry.npmjs.org/readline/-/readline-1.3.0.tgz",
      "integrity": "sha1-xYDXfvLPyHUrEySYBg3JeTp6wBw="
    }
  }
}
